# This file was autogenerated by Stack.
# You should not edit this file by hand.
# For more information, please see the documentation at:
#   https://docs.haskellstack.org/en/stable/lock_files

packages:
- completed:
    hackage: combinat-0.2.10.0@sha256:adc1dbb532b048e419374e9e89dc4f92c47758300ffe8534a54849266706e53b,5318
    pantry-tree:
      sha256: 3633e40972d9b3bc12ae75fdeadff558d5bf8293f592245db8bfdbff8c9e22be
      size: 4964
  original:
    hackage: combinat-0.2.10.0
- completed:
    hackage: hslua-0.9.4@sha256:92ededc7d83003554084767def4fc5bfaf0b585f9b93d09e612868344a18bb86,7915
    pantry-tree:
      sha256: 200b4b2794bdc906efbcc0d8344e4966c640fb3623c8a1d0e5920320e57ebab2
      size: 5517
  original:
    hackage: hslua-0.9.4
snapshots:
- completed:
    sha256: e5f56f619132209b826084cacd6374d7f0344cc88a9d1d305878190e4204ae1f
    size: 619205
    url: https://raw.githubusercontent.com/commercialhaskell/stackage-snapshots/master/lts/19/31.yaml
  original: lts-19.31
